
Microsoft Visual Studio Solution File, Format Version 12.00
# Visual Studio 15
VisualStudioVersion = 15.0.28307.1259
MinimumVisualStudioVersion = 10.0.40219.1
Project("{8BC9CEB8-8B4A-11D0-8D11-00A0C91BC942}") = "Algorithmic Problem Solving", "Algorithmic Problem Solving\Algorithmic Problem Solving.vcxproj", "{FAA4790E-8C5E-4912-A530-188BE0C741EA}"
EndProject
Project("{2150E333-8FDC-42A3-9474-1A3956D46DE8}") = "코드 구현", "코드 구현", "{2A9EF046-8F54-4565-A09B-22C8C8F48636}"
EndProject
Project("{8BC9CEB8-8B4A-11D0-8D11-00A0C91BC942}") = "01. 1부터 N까지 M의 배수합", "01. 1부터 N까지 M의 배수합\01. 1부터 N까지 M의 배수합.vcxproj", "{59C9477C-F835-47F2-9457-6394221B00C6}"
EndProject
Project("{8BC9CEB8-8B4A-11D0-8D11-00A0C91BC942}") = "02. 자연수의 합", "02. 자연수의 합\02. 자연수의 합.vcxproj", "{2D3EF4D5-26B7-4140-8350-22CFE8BF520E}"
EndProject
Project("{8BC9CEB8-8B4A-11D0-8D11-00A0C91BC942}") = "03. 진약수의 합", "03. 진약수의 합\03. 진약수의 합.vcxproj", "{AFB998F5-720E-4B9C-A42F-E731B619DD87}"
EndProject
Project("{8BC9CEB8-8B4A-11D0-8D11-00A0C91BC942}") = "04. 나이 차이", "04. 나이 차이\04. 나이 차이.vcxproj", "{6C8EFCC9-6CFE-4F47-B4E4-D42A2316CA44}"
EndProject
Project("{8BC9CEB8-8B4A-11D0-8D11-00A0C91BC942}") = "05. 나이 계산", "05. 나이 계산\05. 나이 계산.vcxproj", "{B59A2A80-0059-4D26-AD75-96143B0BEC01}"
EndProject
Project("{8BC9CEB8-8B4A-11D0-8D11-00A0C91BC942}") = "06. 숫자만 추출(문자열 컨트롤_아마존 인터뷰)", "06. 숫자만 추출(문자열 컨트롤_아마존 인터뷰)\06. 숫자만 추출(문자열 컨트롤_아마존 인터뷰).vcxproj", "{78D84046-C04D-4C56-A42A-9FE465864E8A}"
EndProject
Project("{8BC9CEB8-8B4A-11D0-8D11-00A0C91BC942}") = "07. 영어 단어 복구(문자열 컨트롤)", "07. 영어 단어 복구(문자열 컨트롤)\07. 영어 단어 복구(문자열 컨트롤).vcxproj", "{56E1808A-F56E-4820-9799-0A8C67910A32}"
EndProject
Project("{8BC9CEB8-8B4A-11D0-8D11-00A0C91BC942}") = "08. 올바른 괄호(문자열 컨트롤)", "08. 올바른 괄호(문자열 컨트롤)\08. 올바른 괄호(문자열 컨트롤).vcxproj", "{32BB9A02-85E0-4240-AED1-9CE761586307}"
EndProject
Project("{8BC9CEB8-8B4A-11D0-8D11-00A0C91BC942}") = "09. 모두의 약수(제한시간 1초)", "09. 모두의 약수(제한시간 1초)\09. 모두의 약수(제한시간 1초).vcxproj", "{9EDC32B4-12A7-4042-94EA-F5887DBE9477}"
EndProject
Project("{8BC9CEB8-8B4A-11D0-8D11-00A0C91BC942}") = "10. 자릿수의 합", "10. 자릿수의 합\10. 자릿수의 합.vcxproj", "{616DF85F-A184-4A30-B699-4A5FD5B1A302}"
EndProject
Project("{8BC9CEB8-8B4A-11D0-8D11-00A0C91BC942}") = "11. 숫자의 총 개수(small)", "11. 숫자의 총 개수(small)\11. 숫자의 총 개수(small).vcxproj", "{A6DC2574-5950-449D-B215-455FA463FDC5}"
EndProject
Project("{8BC9CEB8-8B4A-11D0-8D11-00A0C91BC942}") = "12. 숫자의 총 개수(large_제한시간 1초)", "12. 숫자의 총 개수(large_제한시간 1초)\12. 숫자의 총 개수(large_제한시간 1초).vcxproj", "{D791FDEB-D471-432A-A7D4-8BD823F0838B}"
EndProject
Project("{8BC9CEB8-8B4A-11D0-8D11-00A0C91BC942}") = "13. 가장 많이 사용된 자릿수", "13. 가장 많이 사용된 자릿수\13. 가장 많이 사용된 자릿수.vcxproj", "{A9F2C035-F0DC-4D9E-AC78-B3F15898380C}"
EndProject
Project("{8BC9CEB8-8B4A-11D0-8D11-00A0C91BC942}") = "14. 뒤집은 소수", "14. 뒤집은 소수\14. 뒤집은 소수.vcxproj", "{4296EC52-BDBF-4090-9E08-8B5E4CC81560}"
EndProject
Project("{8BC9CEB8-8B4A-11D0-8D11-00A0C91BC942}") = "15. 소수의 개수(제한시간 1초)", "15. 소수의 개수(제한시간 1초)\15. 소수의 개수(제한시간 1초).vcxproj", "{BA53995F-C25A-4797-B394-0616F425BCF4}"
EndProject
Project("{8BC9CEB8-8B4A-11D0-8D11-00A0C91BC942}") = "16. Anagram (구글 인터뷰)", "16. Anagram (구글 인터뷰)\16. Anagram (구글 인터뷰).vcxproj", "{4DC81A18-5072-4A9B-AF0C-442A441C3C1D}"
EndProject
Global
	GlobalSection(SolutionConfigurationPlatforms) = preSolution
		Debug|x64 = Debug|x64
		Debug|x86 = Debug|x86
		Release|x64 = Release|x64
		Release|x86 = Release|x86
	EndGlobalSection
	GlobalSection(ProjectConfigurationPlatforms) = postSolution
		{FAA4790E-8C5E-4912-A530-188BE0C741EA}.Debug|x64.ActiveCfg = Debug|x64
		{FAA4790E-8C5E-4912-A530-188BE0C741EA}.Debug|x64.Build.0 = Debug|x64
		{FAA4790E-8C5E-4912-A530-188BE0C741EA}.Debug|x86.ActiveCfg = Debug|Win32
		{FAA4790E-8C5E-4912-A530-188BE0C741EA}.Debug|x86.Build.0 = Debug|Win32
		{FAA4790E-8C5E-4912-A530-188BE0C741EA}.Release|x64.ActiveCfg = Release|x64
		{FAA4790E-8C5E-4912-A530-188BE0C741EA}.Release|x64.Build.0 = Release|x64
		{FAA4790E-8C5E-4912-A530-188BE0C741EA}.Release|x86.ActiveCfg = Release|Win32
		{FAA4790E-8C5E-4912-A530-188BE0C741EA}.Release|x86.Build.0 = Release|Win32
		{59C9477C-F835-47F2-9457-6394221B00C6}.Debug|x64.ActiveCfg = Debug|x64
		{59C9477C-F835-47F2-9457-6394221B00C6}.Debug|x64.Build.0 = Debug|x64
		{59C9477C-F835-47F2-9457-6394221B00C6}.Debug|x86.ActiveCfg = Debug|Win32
		{59C9477C-F835-47F2-9457-6394221B00C6}.Debug|x86.Build.0 = Debug|Win32
		{59C9477C-F835-47F2-9457-6394221B00C6}.Release|x64.ActiveCfg = Release|x64
		{59C9477C-F835-47F2-9457-6394221B00C6}.Release|x64.Build.0 = Release|x64
		{59C9477C-F835-47F2-9457-6394221B00C6}.Release|x86.ActiveCfg = Release|Win32
		{59C9477C-F835-47F2-9457-6394221B00C6}.Release|x86.Build.0 = Release|Win32
		{2D3EF4D5-26B7-4140-8350-22CFE8BF520E}.Debug|x64.ActiveCfg = Debug|x64
		{2D3EF4D5-26B7-4140-8350-22CFE8BF520E}.Debug|x64.Build.0 = Debug|x64
		{2D3EF4D5-26B7-4140-8350-22CFE8BF520E}.Debug|x86.ActiveCfg = Debug|Win32
		{2D3EF4D5-26B7-4140-8350-22CFE8BF520E}.Debug|x86.Build.0 = Debug|Win32
		{2D3EF4D5-26B7-4140-8350-22CFE8BF520E}.Release|x64.ActiveCfg = Release|x64
		{2D3EF4D5-26B7-4140-8350-22CFE8BF520E}.Release|x64.Build.0 = Release|x64
		{2D3EF4D5-26B7-4140-8350-22CFE8BF520E}.Release|x86.ActiveCfg = Release|Win32
		{2D3EF4D5-26B7-4140-8350-22CFE8BF520E}.Release|x86.Build.0 = Release|Win32
		{AFB998F5-720E-4B9C-A42F-E731B619DD87}.Debug|x64.ActiveCfg = Debug|x64
		{AFB998F5-720E-4B9C-A42F-E731B619DD87}.Debug|x64.Build.0 = Debug|x64
		{AFB998F5-720E-4B9C-A42F-E731B619DD87}.Debug|x86.ActiveCfg = Debug|Win32
		{AFB998F5-720E-4B9C-A42F-E731B619DD87}.Debug|x86.Build.0 = Debug|Win32
		{AFB998F5-720E-4B9C-A42F-E731B619DD87}.Release|x64.ActiveCfg = Release|x64
		{AFB998F5-720E-4B9C-A42F-E731B619DD87}.Release|x64.Build.0 = Release|x64
		{AFB998F5-720E-4B9C-A42F-E731B619DD87}.Release|x86.ActiveCfg = Release|Win32
		{AFB998F5-720E-4B9C-A42F-E731B619DD87}.Release|x86.Build.0 = Release|Win32
		{6C8EFCC9-6CFE-4F47-B4E4-D42A2316CA44}.Debug|x64.ActiveCfg = Debug|x64
		{6C8EFCC9-6CFE-4F47-B4E4-D42A2316CA44}.Debug|x64.Build.0 = Debug|x64
		{6C8EFCC9-6CFE-4F47-B4E4-D42A2316CA44}.Debug|x86.ActiveCfg = Debug|Win32
		{6C8EFCC9-6CFE-4F47-B4E4-D42A2316CA44}.Debug|x86.Build.0 = Debug|Win32
		{6C8EFCC9-6CFE-4F47-B4E4-D42A2316CA44}.Release|x64.ActiveCfg = Release|x64
		{6C8EFCC9-6CFE-4F47-B4E4-D42A2316CA44}.Release|x64.Build.0 = Release|x64
		{6C8EFCC9-6CFE-4F47-B4E4-D42A2316CA44}.Release|x86.ActiveCfg = Release|Win32
		{6C8EFCC9-6CFE-4F47-B4E4-D42A2316CA44}.Release|x86.Build.0 = Release|Win32
		{B59A2A80-0059-4D26-AD75-96143B0BEC01}.Debug|x64.ActiveCfg = Debug|x64
		{B59A2A80-0059-4D26-AD75-96143B0BEC01}.Debug|x64.Build.0 = Debug|x64
		{B59A2A80-0059-4D26-AD75-96143B0BEC01}.Debug|x86.ActiveCfg = Debug|Win32
		{B59A2A80-0059-4D26-AD75-96143B0BEC01}.Debug|x86.Build.0 = Debug|Win32
		{B59A2A80-0059-4D26-AD75-96143B0BEC01}.Release|x64.ActiveCfg = Release|x64
		{B59A2A80-0059-4D26-AD75-96143B0BEC01}.Release|x64.Build.0 = Release|x64
		{B59A2A80-0059-4D26-AD75-96143B0BEC01}.Release|x86.ActiveCfg = Release|Win32
		{B59A2A80-0059-4D26-AD75-96143B0BEC01}.Release|x86.Build.0 = Release|Win32
		{78D84046-C04D-4C56-A42A-9FE465864E8A}.Debug|x64.ActiveCfg = Debug|x64
		{78D84046-C04D-4C56-A42A-9FE465864E8A}.Debug|x64.Build.0 = Debug|x64
		{78D84046-C04D-4C56-A42A-9FE465864E8A}.Debug|x86.ActiveCfg = Debug|Win32
		{78D84046-C04D-4C56-A42A-9FE465864E8A}.Debug|x86.Build.0 = Debug|Win32
		{78D84046-C04D-4C56-A42A-9FE465864E8A}.Release|x64.ActiveCfg = Release|x64
		{78D84046-C04D-4C56-A42A-9FE465864E8A}.Release|x64.Build.0 = Release|x64
		{78D84046-C04D-4C56-A42A-9FE465864E8A}.Release|x86.ActiveCfg = Release|Win32
		{78D84046-C04D-4C56-A42A-9FE465864E8A}.Release|x86.Build.0 = Release|Win32
		{56E1808A-F56E-4820-9799-0A8C67910A32}.Debug|x64.ActiveCfg = Debug|x64
		{56E1808A-F56E-4820-9799-0A8C67910A32}.Debug|x64.Build.0 = Debug|x64
		{56E1808A-F56E-4820-9799-0A8C67910A32}.Debug|x86.ActiveCfg = Debug|Win32
		{56E1808A-F56E-4820-9799-0A8C67910A32}.Debug|x86.Build.0 = Debug|Win32
		{56E1808A-F56E-4820-9799-0A8C67910A32}.Release|x64.ActiveCfg = Release|x64
		{56E1808A-F56E-4820-9799-0A8C67910A32}.Release|x64.Build.0 = Release|x64
		{56E1808A-F56E-4820-9799-0A8C67910A32}.Release|x86.ActiveCfg = Release|Win32
		{56E1808A-F56E-4820-9799-0A8C67910A32}.Release|x86.Build.0 = Release|Win32
		{32BB9A02-85E0-4240-AED1-9CE761586307}.Debug|x64.ActiveCfg = Debug|x64
		{32BB9A02-85E0-4240-AED1-9CE761586307}.Debug|x64.Build.0 = Debug|x64
		{32BB9A02-85E0-4240-AED1-9CE761586307}.Debug|x86.ActiveCfg = Debug|Win32
		{32BB9A02-85E0-4240-AED1-9CE761586307}.Debug|x86.Build.0 = Debug|Win32
		{32BB9A02-85E0-4240-AED1-9CE761586307}.Release|x64.ActiveCfg = Release|x64
		{32BB9A02-85E0-4240-AED1-9CE761586307}.Release|x64.Build.0 = Release|x64
		{32BB9A02-85E0-4240-AED1-9CE761586307}.Release|x86.ActiveCfg = Release|Win32
		{32BB9A02-85E0-4240-AED1-9CE761586307}.Release|x86.Build.0 = Release|Win32
		{9EDC32B4-12A7-4042-94EA-F5887DBE9477}.Debug|x64.ActiveCfg = Debug|x64
		{9EDC32B4-12A7-4042-94EA-F5887DBE9477}.Debug|x64.Build.0 = Debug|x64
		{9EDC32B4-12A7-4042-94EA-F5887DBE9477}.Debug|x86.ActiveCfg = Debug|Win32
		{9EDC32B4-12A7-4042-94EA-F5887DBE9477}.Debug|x86.Build.0 = Debug|Win32
		{9EDC32B4-12A7-4042-94EA-F5887DBE9477}.Release|x64.ActiveCfg = Release|x64
		{9EDC32B4-12A7-4042-94EA-F5887DBE9477}.Release|x64.Build.0 = Release|x64
		{9EDC32B4-12A7-4042-94EA-F5887DBE9477}.Release|x86.ActiveCfg = Release|Win32
		{9EDC32B4-12A7-4042-94EA-F5887DBE9477}.Release|x86.Build.0 = Release|Win32
		{616DF85F-A184-4A30-B699-4A5FD5B1A302}.Debug|x64.ActiveCfg = Debug|x64
		{616DF85F-A184-4A30-B699-4A5FD5B1A302}.Debug|x64.Build.0 = Debug|x64
		{616DF85F-A184-4A30-B699-4A5FD5B1A302}.Debug|x86.ActiveCfg = Debug|Win32
		{616DF85F-A184-4A30-B699-4A5FD5B1A302}.Debug|x86.Build.0 = Debug|Win32
		{616DF85F-A184-4A30-B699-4A5FD5B1A302}.Release|x64.ActiveCfg = Release|x64
		{616DF85F-A184-4A30-B699-4A5FD5B1A302}.Release|x64.Build.0 = Release|x64
		{616DF85F-A184-4A30-B699-4A5FD5B1A302}.Release|x86.ActiveCfg = Release|Win32
		{616DF85F-A184-4A30-B699-4A5FD5B1A302}.Release|x86.Build.0 = Release|Win32
		{A6DC2574-5950-449D-B215-455FA463FDC5}.Debug|x64.ActiveCfg = Debug|x64
		{A6DC2574-5950-449D-B215-455FA463FDC5}.Debug|x64.Build.0 = Debug|x64
		{A6DC2574-5950-449D-B215-455FA463FDC5}.Debug|x86.ActiveCfg = Debug|Win32
		{A6DC2574-5950-449D-B215-455FA463FDC5}.Debug|x86.Build.0 = Debug|Win32
		{A6DC2574-5950-449D-B215-455FA463FDC5}.Release|x64.ActiveCfg = Release|x64
		{A6DC2574-5950-449D-B215-455FA463FDC5}.Release|x64.Build.0 = Release|x64
		{A6DC2574-5950-449D-B215-455FA463FDC5}.Release|x86.ActiveCfg = Release|Win32
		{A6DC2574-5950-449D-B215-455FA463FDC5}.Release|x86.Build.0 = Release|Win32
		{D791FDEB-D471-432A-A7D4-8BD823F0838B}.Debug|x64.ActiveCfg = Debug|x64
		{D791FDEB-D471-432A-A7D4-8BD823F0838B}.Debug|x64.Build.0 = Debug|x64
		{D791FDEB-D471-432A-A7D4-8BD823F0838B}.Debug|x86.ActiveCfg = Debug|Win32
		{D791FDEB-D471-432A-A7D4-8BD823F0838B}.Debug|x86.Build.0 = Debug|Win32
		{D791FDEB-D471-432A-A7D4-8BD823F0838B}.Release|x64.ActiveCfg = Release|x64
		{D791FDEB-D471-432A-A7D4-8BD823F0838B}.Release|x64.Build.0 = Release|x64
		{D791FDEB-D471-432A-A7D4-8BD823F0838B}.Release|x86.ActiveCfg = Release|Win32
		{D791FDEB-D471-432A-A7D4-8BD823F0838B}.Release|x86.Build.0 = Release|Win32
		{A9F2C035-F0DC-4D9E-AC78-B3F15898380C}.Debug|x64.ActiveCfg = Debug|x64
		{A9F2C035-F0DC-4D9E-AC78-B3F15898380C}.Debug|x64.Build.0 = Debug|x64
		{A9F2C035-F0DC-4D9E-AC78-B3F15898380C}.Debug|x86.ActiveCfg = Debug|Win32
		{A9F2C035-F0DC-4D9E-AC78-B3F15898380C}.Debug|x86.Build.0 = Debug|Win32
		{A9F2C035-F0DC-4D9E-AC78-B3F15898380C}.Release|x64.ActiveCfg = Release|x64
		{A9F2C035-F0DC-4D9E-AC78-B3F15898380C}.Release|x64.Build.0 = Release|x64
		{A9F2C035-F0DC-4D9E-AC78-B3F15898380C}.Release|x86.ActiveCfg = Release|Win32
		{A9F2C035-F0DC-4D9E-AC78-B3F15898380C}.Release|x86.Build.0 = Release|Win32
		{4296EC52-BDBF-4090-9E08-8B5E4CC81560}.Debug|x64.ActiveCfg = Debug|x64
		{4296EC52-BDBF-4090-9E08-8B5E4CC81560}.Debug|x64.Build.0 = Debug|x64
		{4296EC52-BDBF-4090-9E08-8B5E4CC81560}.Debug|x86.ActiveCfg = Debug|Win32
		{4296EC52-BDBF-4090-9E08-8B5E4CC81560}.Debug|x86.Build.0 = Debug|Win32
		{4296EC52-BDBF-4090-9E08-8B5E4CC81560}.Release|x64.ActiveCfg = Release|x64
		{4296EC52-BDBF-4090-9E08-8B5E4CC81560}.Release|x64.Build.0 = Release|x64
		{4296EC52-BDBF-4090-9E08-8B5E4CC81560}.Release|x86.ActiveCfg = Release|Win32
		{4296EC52-BDBF-4090-9E08-8B5E4CC81560}.Release|x86.Build.0 = Release|Win32
		{BA53995F-C25A-4797-B394-0616F425BCF4}.Debug|x64.ActiveCfg = Debug|x64
		{BA53995F-C25A-4797-B394-0616F425BCF4}.Debug|x64.Build.0 = Debug|x64
		{BA53995F-C25A-4797-B394-0616F425BCF4}.Debug|x86.ActiveCfg = Debug|Win32
		{BA53995F-C25A-4797-B394-0616F425BCF4}.Debug|x86.Build.0 = Debug|Win32
		{BA53995F-C25A-4797-B394-0616F425BCF4}.Release|x64.ActiveCfg = Release|x64
		{BA53995F-C25A-4797-B394-0616F425BCF4}.Release|x64.Build.0 = Release|x64
		{BA53995F-C25A-4797-B394-0616F425BCF4}.Release|x86.ActiveCfg = Release|Win32
		{BA53995F-C25A-4797-B394-0616F425BCF4}.Release|x86.Build.0 = Release|Win32
		{4DC81A18-5072-4A9B-AF0C-442A441C3C1D}.Debug|x64.ActiveCfg = Debug|x64
		{4DC81A18-5072-4A9B-AF0C-442A441C3C1D}.Debug|x64.Build.0 = Debug|x64
		{4DC81A18-5072-4A9B-AF0C-442A441C3C1D}.Debug|x86.ActiveCfg = Debug|Win32
		{4DC81A18-5072-4A9B-AF0C-442A441C3C1D}.Debug|x86.Build.0 = Debug|Win32
		{4DC81A18-5072-4A9B-AF0C-442A441C3C1D}.Release|x64.ActiveCfg = Release|x64
		{4DC81A18-5072-4A9B-AF0C-442A441C3C1D}.Release|x64.Build.0 = Release|x64
		{4DC81A18-5072-4A9B-AF0C-442A441C3C1D}.Release|x86.ActiveCfg = Release|Win32
		{4DC81A18-5072-4A9B-AF0C-442A441C3C1D}.Release|x86.Build.0 = Release|Win32
	EndGlobalSection
	GlobalSection(SolutionProperties) = preSolution
		HideSolutionNode = FALSE
	EndGlobalSection
	GlobalSection(NestedProjects) = preSolution
		{59C9477C-F835-47F2-9457-6394221B00C6} = {2A9EF046-8F54-4565-A09B-22C8C8F48636}
		{2D3EF4D5-26B7-4140-8350-22CFE8BF520E} = {2A9EF046-8F54-4565-A09B-22C8C8F48636}
		{AFB998F5-720E-4B9C-A42F-E731B619DD87} = {2A9EF046-8F54-4565-A09B-22C8C8F48636}
		{6C8EFCC9-6CFE-4F47-B4E4-D42A2316CA44} = {2A9EF046-8F54-4565-A09B-22C8C8F48636}
		{B59A2A80-0059-4D26-AD75-96143B0BEC01} = {2A9EF046-8F54-4565-A09B-22C8C8F48636}
		{78D84046-C04D-4C56-A42A-9FE465864E8A} = {2A9EF046-8F54-4565-A09B-22C8C8F48636}
		{56E1808A-F56E-4820-9799-0A8C67910A32} = {2A9EF046-8F54-4565-A09B-22C8C8F48636}
		{32BB9A02-85E0-4240-AED1-9CE761586307} = {2A9EF046-8F54-4565-A09B-22C8C8F48636}
		{9EDC32B4-12A7-4042-94EA-F5887DBE9477} = {2A9EF046-8F54-4565-A09B-22C8C8F48636}
		{616DF85F-A184-4A30-B699-4A5FD5B1A302} = {2A9EF046-8F54-4565-A09B-22C8C8F48636}
		{A6DC2574-5950-449D-B215-455FA463FDC5} = {2A9EF046-8F54-4565-A09B-22C8C8F48636}
		{D791FDEB-D471-432A-A7D4-8BD823F0838B} = {2A9EF046-8F54-4565-A09B-22C8C8F48636}
		{A9F2C035-F0DC-4D9E-AC78-B3F15898380C} = {2A9EF046-8F54-4565-A09B-22C8C8F48636}
		{4296EC52-BDBF-4090-9E08-8B5E4CC81560} = {2A9EF046-8F54-4565-A09B-22C8C8F48636}
		{BA53995F-C25A-4797-B394-0616F425BCF4} = {2A9EF046-8F54-4565-A09B-22C8C8F48636}
		{4DC81A18-5072-4A9B-AF0C-442A441C3C1D} = {2A9EF046-8F54-4565-A09B-22C8C8F48636}
	EndGlobalSection
	GlobalSection(ExtensibilityGlobals) = postSolution
		SolutionGuid = {F7B1B076-15A2-492E-B1F3-E083958BDED4}
	EndGlobalSection
EndGlobal
